// !$*UTF8*$!
{
	archiveVersion = 1;
	classes = {
	};
	objectVersion = 46;
	objects = {

/* Begin PBXBuildFile section */
		569A71FB192AD9AB002F0C3A /* Foundation.framework in Frameworks */ = {isa = PBXBuildFile; fileRef = 569A71FA192AD9AB002F0C3A /* Foundation.framework */; };
		569A71FD192AD9AB002F0C3A /* CoreGraphics.framework in Frameworks */ = {isa = PBXBuildFile; fileRef = 569A71FC192AD9AB002F0C3A /* CoreGraphics.framework */; };
		569A71FF192AD9AB002F0C3A /* UIKit.framework in Frameworks */ = {isa = PBXBuildFile; fileRef = 569A71FE192AD9AB002F0C3A /* UIKit.framework */; };
		569A7205192AD9AB002F0C3A /* InfoPlist.strings in Resources */ = {isa = PBXBuildFile; fileRef = 569A7203192AD9AB002F0C3A /* InfoPlist.strings */; };
		569A7207192AD9AB002F0C3A /* main.m in Sources */ = {isa = PBXBuildFile; fileRef = 569A7206192AD9AB002F0C3A /* main.m */; };
		569A720B192AD9AB002F0C3A /* GTAppDelegate.m in Sources */ = {isa = PBXBuildFile; fileRef = 569A720A192AD9AB002F0C3A /* GTAppDelegate.m */; };
		569A720D192AD9AB002F0C3A /* Images.xcassets in Resources */ = {isa = PBXBuildFile; fileRef = 569A720C192AD9AB002F0C3A /* Images.xcassets */; };
		569A7214192AD9AB002F0C3A /* XCTest.framework in Frameworks */ = {isa = PBXBuildFile; fileRef = 569A7213192AD9AB002F0C3A /* XCTest.framework */; };
		569A7215192AD9AB002F0C3A /* Foundation.framework in Frameworks */ = {isa = PBXBuildFile; fileRef = 569A71FA192AD9AB002F0C3A /* Foundation.framework */; };
		569A7216192AD9AB002F0C3A /* UIKit.framework in Frameworks */ = {isa = PBXBuildFile; fileRef = 569A71FE192AD9AB002F0C3A /* UIKit.framework */; };
		569A721E192AD9AC002F0C3A /* InfoPlist.strings in Resources */ = {isa = PBXBuildFile; fileRef = 569A721C192AD9AC002F0C3A /* InfoPlist.strings */; };
		569A7220192AD9AC002F0C3A /* ScreenshowTests.m in Sources */ = {isa = PBXBuildFile; fileRef = 569A721F192AD9AC002F0C3A /* ScreenshowTests.m */; };
		569A7231192B02E1002F0C3A /* GTImageView.m in Sources */ = {isa = PBXBuildFile; fileRef = 569A722F192B02E1002F0C3A /* GTImageView.m */; };
		569A7232192B02E1002F0C3A /* GTImageView.xib in Resources */ = {isa = PBXBuildFile; fileRef = 569A7230192B02E1002F0C3A /* GTImageView.xib */; };
		569A7234192B23C5002F0C3A /* IMG_0052.JPG in Resources */ = {isa = PBXBuildFile; fileRef = 569A7233192B23C5002F0C3A /* IMG_0052.JPG */; };
		569A7238192B23E9002F0C3A /* IMG_0054.JPG in Resources */ = {isa = PBXBuildFile; fileRef = 569A7237192B23E9002F0C3A /* IMG_0054.JPG */; };
		569A723A192B36A0002F0C3A /* IMG_0081.JPG in Resources */ = {isa = PBXBuildFile; fileRef = 569A7239192B36A0002F0C3A /* IMG_0081.JPG */; };
		56A194FC192CE71E0077F539 /* workExample.jpg in Resources */ = {isa = PBXBuildFile; fileRef = 56A194FB192CE71E0077F539 /* workExample.jpg */; };
		56A19500192DC8170077F539 /* GTSettingsVC.m in Sources */ = {isa = PBXBuildFile; fileRef = 56A194FE192DC8170077F539 /* GTSettingsVC.m */; };
		56A19501192DC8170077F539 /* GTSettingsVC.xib in Resources */ = {isa = PBXBuildFile; fileRef = 56A194FF192DC8170077F539 /* GTSettingsVC.xib */; };
		56A19553192F1EF30077F539 /* GTViewController.m in Sources */ = {isa = PBXBuildFile; fileRef = 56A19551192F1EF30077F539 /* GTViewController.m */; };
		56A19559192F20EA0077F539 /* GTViewController.xib in Resources */ = {isa = PBXBuildFile; fileRef = 56A19558192F20EA0077F539 /* GTViewController.xib */; };
		56A4A7471935476A000FEC5D /* photo1.png in Resources */ = {isa = PBXBuildFile; fileRef = 56A4A7421935476A000FEC5D /* photo1.png */; };
		56A4A7481935476A000FEC5D /* photo2.png in Resources */ = {isa = PBXBuildFile; fileRef = 56A4A7431935476A000FEC5D /* photo2.png */; };
		56A4A7491935476A000FEC5D /* photo3.png in Resources */ = {isa = PBXBuildFile; fileRef = 56A4A7441935476A000FEC5D /* photo3.png */; };
		56A4A74A1935476A000FEC5D /* photo4.png in Resources */ = {isa = PBXBuildFile; fileRef = 56A4A7451935476A000FEC5D /* photo4.png */; };
		56A4A74B1935476A000FEC5D /* photo5.png in Resources */ = {isa = PBXBuildFile; fileRef = 56A4A7461935476A000FEC5D /* photo5.png */; };
/* End PBXBuildFile section */

/* Begin PBXContainerItemProxy section */
		569A7217192AD9AC002F0C3A /* PBXContainerItemProxy */ = {
			isa = PBXContainerItemProxy;
			containerPortal = 569A71EF192AD9AB002F0C3A /* Project object */;
			proxyType = 1;
			remoteGlobalIDString = 569A71F6192AD9AB002F0C3A;
			remoteInfo = Screenshow;
		};
/* End PBXContainerItemProxy section */

/* Begin PBXFileReference section */
		569A71F7192AD9AB002F0C3A /* Screenshow.app */ = {isa = PBXFileReference; explicitFileType = wrapper.application; includeInIndex = 0; path = Screenshow.app; sourceTree = BUILT_PRODUCTS_DIR; };
		569A71FA192AD9AB002F0C3A /* Foundation.framework */ = {isa = PBXFileReference; lastKnownFileType = wrapper.framework; name = Foundation.framework; path = System/Library/Frameworks/Foundation.framework; sourceTree = SDKROOT; };
		569A71FC192AD9AB002F0C3A /* CoreGraphics.framework */ = {isa = PBXFileReference; lastKnownFileType = wrapper.framework; name = CoreGraphics.framework; path = System/Library/Frameworks/CoreGraphics.framework; sourceTree = SDKROOT; };
		569A71FE192AD9AB002F0C3A /* UIKit.framework */ = {isa = PBXFileReference; lastKnownFileType = wrapper.framework; name = UIKit.framework; path = System/Library/Frameworks/UIKit.framework; sourceTree = SDKROOT; };
		569A7202192AD9AB002F0C3A /* Screenshow-Info.plist */ = {isa = PBXFileReference; lastKnownFileType = text.plist.xml; path = "Screenshow-Info.plist"; sourceTree = "<group>"; };
		569A7204192AD9AB002F0C3A /* en */ = {isa = PBXFileReference; lastKnownFileType = text.plist.strings; name = en; path = en.lproj/InfoPlist.strings; sourceTree = "<group>"; };
		569A7206192AD9AB002F0C3A /* main.m */ = {isa = PBXFileReference; lastKnownFileType = sourcecode.c.objc; path = main.m; sourceTree = "<group>"; };
		569A7208192AD9AB002F0C3A /* Screenshow-Prefix.pch */ = {isa = PBXFileReference; lastKnownFileType = sourcecode.c.h; path = "Screenshow-Prefix.pch"; sourceTree = "<group>"; };
		569A7209192AD9AB002F0C3A /* GTAppDelegate.h */ = {isa = PBXFileReference; lastKnownFileType = sourcecode.c.h; path = GTAppDelegate.h; sourceTree = "<group>"; };
		569A720A192AD9AB002F0C3A /* GTAppDelegate.m */ = {isa = PBXFileReference; lastKnownFileType = sourcecode.c.objc; path = GTAppDelegate.m; sourceTree = "<group>"; };
		569A720C192AD9AB002F0C3A /* Images.xcassets */ = {isa = PBXFileReference; lastKnownFileType = folder.assetcatalog; path = Images.xcassets; sourceTree = "<group>"; };
		569A7212192AD9AB002F0C3A /* ScreenshowTests.xctest */ = {isa = PBXFileReference; explicitFileType = wrapper.cfbundle; includeInIndex = 0; path = ScreenshowTests.xctest; sourceTree = BUILT_PRODUCTS_DIR; };
		569A7213192AD9AB002F0C3A /* XCTest.framework */ = {isa = PBXFileReference; lastKnownFileType = wrapper.framework; name = XCTest.framework; path = Library/Frameworks/XCTest.framework; sourceTree = DEVELOPER_DIR; };
		569A721B192AD9AC002F0C3A /* ScreenshowTests-Info.plist */ = {isa = PBXFileReference; lastKnownFileType = text.plist.xml; path = "ScreenshowTests-Info.plist"; sourceTree = "<group>"; };
		569A721D192AD9AC002F0C3A /* en */ = {isa = PBXFileReference; lastKnownFileType = text.plist.strings; name = en; path = en.lproj/InfoPlist.strings; sourceTree = "<group>"; };
		569A721F192AD9AC002F0C3A /* ScreenshowTests.m */ = {isa = PBXFileReference; lastKnownFileType = sourcecode.c.objc; path = ScreenshowTests.m; sourceTree = "<group>"; };
		569A722E192B02E1002F0C3A /* GTImageView.h */ = {isa = PBXFileReference; fileEncoding = 4; lastKnownFileType = sourcecode.c.h; path = GTImageView.h; sourceTree = "<group>"; };
		569A722F192B02E1002F0C3A /* GTImageView.m */ = {isa = PBXFileReference; fileEncoding = 4; lastKnownFileType = sourcecode.c.objc; path = GTImageView.m; sourceTree = "<group>"; };
		569A7230192B02E1002F0C3A /* GTImageView.xib */ = {isa = PBXFileReference; fileEncoding = 4; lastKnownFileType = file.xib; path = GTImageView.xib; sourceTree = "<group>"; };
		569A7233192B23C5002F0C3A /* IMG_0052.JPG */ = {isa = PBXFileReference; lastKnownFileType = image.jpeg; path = IMG_0052.JPG; sourceTree = "<group>"; };
		569A7237192B23E9002F0C3A /* IMG_0054.JPG */ = {isa = PBXFileReference; lastKnownFileType = image.jpeg; path = IMG_0054.JPG; sourceTree = "<group>"; };
		569A7239192B36A0002F0C3A /* IMG_0081.JPG */ = {isa = PBXFileReference; lastKnownFileType = image.jpeg; path = IMG_0081.JPG; sourceTree = "<group>"; };
		56A194FB192CE71E0077F539 /* workExample.jpg */ = {isa = PBXFileReference; lastKnownFileType = image.jpeg; path = workExample.jpg; sourceTree = "<group>"; };
		56A194FD192DC8170077F539 /* GTSettingsVC.h */ = {isa = PBXFileReference; fileEncoding = 4; lastKnownFileType = sourcecode.c.h; path = GTSettingsVC.h; sourceTree = "<group>"; };
		56A194FE192DC8170077F539 /* GTSettingsVC.m */ = {isa = PBXFileReference; fileEncoding = 4; lastKnownFileType = sourcecode.c.objc; path = GTSettingsVC.m; sourceTree = "<group>"; };
		56A194FF192DC8170077F539 /* GTSettingsVC.xib */ = {isa = PBXFileReference; fileEncoding = 4; lastKnownFileType = file.xib; path = GTSettingsVC.xib; sourceTree = "<group>"; };
		56A19551192F1EF30077F539 /* GTViewController.m */ = {isa = PBXFileReference; fileEncoding = 4; lastKnownFileType = sourcecode.c.objc; path = GTViewController.m; sourceTree = "<group>"; };
		56A19555192F20C80077F539 /* GTViewController.h */ = {isa = PBXFileReference; lastKnownFileType = sourcecode.c.h; name = GTViewController.h; path = cheese/Screenshow/GTViewController.h; sourceTree = "<group>"; };
		56A19558192F20EA0077F539 /* GTViewController.xib */ = {isa = PBXFileReference; fileEncoding = 4; lastKnownFileType = file.xib; name = GTViewController.xib; path = cheese/Screenshow/GTViewController.xib; sourceTree = "<group>"; };
		56A4A7421935476A000FEC5D /* photo1.png */ = {isa = PBXFileReference; lastKnownFileType = image.png; name = photo1.png; path = ../../../Downloads/ScrollViewsResources/photo1.png; sourceTree = "<group>"; };
		56A4A7431935476A000FEC5D /* photo2.png */ = {isa = PBXFileReference; lastKnownFileType = image.png; name = photo2.png; path = ../../../Downloads/ScrollViewsResources/photo2.png; sourceTree = "<group>"; };
		56A4A7441935476A000FEC5D /* photo3.png */ = {isa = PBXFileReference; lastKnownFileType = image.png; name = photo3.png; path = ../../../Downloads/ScrollViewsResources/photo3.png; sourceTree = "<group>"; };
		56A4A7451935476A000FEC5D /* photo4.png */ = {isa = PBXFileReference; lastKnownFileType = image.png; name = photo4.png; path = ../../../Downloads/ScrollViewsResources/photo4.png; sourceTree = "<group>"; };
		56A4A7461935476A000FEC5D /* photo5.png */ = {isa = PBXFileReference; lastKnownFileType = image.png; name = photo5.png; path = ../../../Downloads/ScrollViewsResources/photo5.png; sourceTree = "<group>"; };
/* End PBXFileReference section */

/* Begin PBXFrameworksBuildPhase section */
		569A71F4192AD9AB002F0C3A /* Frameworks */ = {
			isa = PBXFrameworksBuildPhase;
			buildActionMask = 2147483647;
			files = (
				569A71FD192AD9AB002F0C3A /* CoreGraphics.framework in Frameworks */,
				569A71FF192AD9AB002F0C3A /* UIKit.framework in Frameworks */,
				569A71FB192AD9AB002F0C3A /* Foundation.framework in Frameworks */,
			);
			runOnlyForDeploymentPostprocessing = 0;
		};
		569A720F192AD9AB002F0C3A /* Frameworks */ = {
			isa = PBXFrameworksBuildPhase;
			buildActionMask = 2147483647;
			files = (
				569A7214192AD9AB002F0C3A /* XCTest.framework in Frameworks */,
				569A7216192AD9AB002F0C3A /* UIKit.framework in Frameworks */,
				569A7215192AD9AB002F0C3A /* Foundation.framework in Frameworks */,
			);
			runOnlyForDeploymentPostprocessing = 0;
		};
/* End PBXFrameworksBuildPhase section */

/* Begin PBXGroup section */
		569A71EE192AD9AB002F0C3A = {
			isa = PBXGroup;
			children = (
				569A7200192AD9AB002F0C3A /* Screenshow */,
				569A7219192AD9AC002F0C3A /* ScreenshowTests */,
				569A71F9192AD9AB002F0C3A /* Frameworks */,
				569A71F8192AD9AB002F0C3A /* Products */,
			);
			sourceTree = "<group>";
		};
		569A71F8192AD9AB002F0C3A /* Products */ = {
			isa = PBXGroup;
			children = (
				569A71F7192AD9AB002F0C3A /* Screenshow.app */,
				569A7212192AD9AB002F0C3A /* ScreenshowTests.xctest */,
			);
			name = Products;
			sourceTree = "<group>";
		};
		569A71F9192AD9AB002F0C3A /* Frameworks */ = {
			isa = PBXGroup;
			children = (
				569A71FA192AD9AB002F0C3A /* Foundation.framework */,
				569A71FC192AD9AB002F0C3A /* CoreGraphics.framework */,
				569A71FE192AD9AB002F0C3A /* UIKit.framework */,
				569A7213192AD9AB002F0C3A /* XCTest.framework */,
			);
			name = Frameworks;
			sourceTree = "<group>";
		};
		569A7200192AD9AB002F0C3A /* Screenshow */ = {
			isa = PBXGroup;
			children = (
				56A19555192F20C80077F539 /* GTViewController.h */,
				56A19558192F20EA0077F539 /* GTViewController.xib */,
				56A19551192F1EF30077F539 /* GTViewController.m */,
				569A722E192B02E1002F0C3A /* GTImageView.h */,
				569A722F192B02E1002F0C3A /* GTImageView.m */,
				56A194FD192DC8170077F539 /* GTSettingsVC.h */,
				56A194FE192DC8170077F539 /* GTSettingsVC.m */,
				56A194FF192DC8170077F539 /* GTSettingsVC.xib */,
				569A7230192B02E1002F0C3A /* GTImageView.xib */,
				569A7209192AD9AB002F0C3A /* GTAppDelegate.h */,
				569A720A192AD9AB002F0C3A /* GTAppDelegate.m */,
				569A720C192AD9AB002F0C3A /* Images.xcassets */,
				569A7233192B23C5002F0C3A /* IMG_0052.JPG */,
				56A194FB192CE71E0077F539 /* workExample.jpg */,
				56A4A7421935476A000FEC5D /* photo1.png */,
				56A4A7431935476A000FEC5D /* photo2.png */,
				56A4A7441935476A000FEC5D /* photo3.png */,
				56A4A7451935476A000FEC5D /* photo4.png */,
				56A4A7461935476A000FEC5D /* photo5.png */,
				569A7239192B36A0002F0C3A /* IMG_0081.JPG */,
				569A7237192B23E9002F0C3A /* IMG_0054.JPG */,
				569A7201192AD9AB002F0C3A /* Supporting Files */,
			);
			path = Screenshow;
			sourceTree = "<group>";
		};
		569A7201192AD9AB002F0C3A /* Supporting Files */ = {
			isa = PBXGroup;
			children = (
				569A7202192AD9AB002F0C3A /* Screenshow-Info.plist */,
				569A7203192AD9AB002F0C3A /* InfoPlist.strings */,
				569A7206192AD9AB002F0C3A /* main.m */,
				569A7208192AD9AB002F0C3A /* Screenshow-Prefix.pch */,
			);
			name = "Supporting Files";
			sourceTree = "<group>";
		};
		569A7219192AD9AC002F0C3A /* ScreenshowTests */ = {
			isa = PBXGroup;
			children = (
				569A721F192AD9AC002F0C3A /* ScreenshowTests.m */,
				569A721A192AD9AC002F0C3A /* Supporting Files */,
			);
			path = ScreenshowTests;
			sourceTree = "<group>";
		};
		569A721A192AD9AC002F0C3A /* Supporting Files */ = {
			isa = PBXGroup;
			children = (
				569A721B192AD9AC002F0C3A /* ScreenshowTests-Info.plist */,
				569A721C192AD9AC002F0C3A /* InfoPlist.strings */,
			);
			name = "Supporting Files";
			sourceTree = "<group>";
		};
/* End PBXGroup section */

/* Begin PBXNativeTarget section */
		569A71F6192AD9AB002F0C3A /* Screenshow */ = {
			isa = PBXNativeTarget;
			buildConfigurationList = 569A7223192AD9AC002F0C3A /* Build configuration list for PBXNativeTarget "Screenshow" */;
			buildPhases = (
				569A71F3192AD9AB002F0C3A /* Sources */,
				569A71F4192AD9AB002F0C3A /* Frameworks */,
				569A71F5192AD9AB002F0C3A /* Resources */,
			);
			buildRules = (
			);
			dependencies = (
			);
			name = Screenshow;
			productName = Screenshow;
			productReference = 569A71F7192AD9AB002F0C3A /* Screenshow.app */;
			productType = "com.apple.product-type.application";
		};
		569A7211192AD9AB002F0C3A /* ScreenshowTests */ = {
			isa = PBXNativeTarget;
			buildConfigurationList = 569A7226192AD9AC002F0C3A /* Build configuration list for PBXNativeTarget "ScreenshowTests" */;
			buildPhases = (
				569A720E192AD9AB002F0C3A /* Sources */,
				569A720F192AD9AB002F0C3A /* Frameworks */,
				569A7210192AD9AB002F0C3A /* Resources */,
			);
			buildRules = (
			);
			dependencies = (
				569A7218192AD9AC002F0C3A /* PBXTargetDependency */,
			);
			name = ScreenshowTests;
			productName = ScreenshowTests;
			productReference = 569A7212192AD9AB002F0C3A /* ScreenshowTests.xctest */;
			productType = "com.apple.product-type.bundle.unit-test";
		};
/* End PBXNativeTarget section */

/* Begin PBXProject section */
		569A71EF192AD9AB002F0C3A /* Project object */ = {
			isa = PBXProject;
			attributes = {
				CLASSPREFIX = GT;
				LastUpgradeCheck = 0510;
				ORGANIZATIONNAME = "Gramercy Consultants";
				TargetAttributes = {
					569A7211192AD9AB002F0C3A = {
						TestTargetID = 569A71F6192AD9AB002F0C3A;
					};
				};
			};
			buildConfigurationList = 569A71F2192AD9AB002F0C3A /* Build configuration list for PBXProject "Screenshow" */;
			compatibilityVersion = "Xcode 3.2";
			developmentRegion = English;
			hasScannedForEncodings = 0;
			knownRegions = (
				en,
			);
			mainGroup = 569A71EE192AD9AB002F0C3A;
			productRefGroup = 569A71F8192AD9AB002F0C3A /* Products */;
			projectDirPath = "";
			projectRoot = "";
			targets = (
				569A71F6192AD9AB002F0C3A /* Screenshow */,
				569A7211192AD9AB002F0C3A /* ScreenshowTests */,
			);
		};
/* End PBXProject section */

/* Begin PBXResourcesBuildPhase section */
		569A71F5192AD9AB002F0C3A /* Resources */ = {
			isa = PBXResourcesBuildPhase;
			buildActionMask = 2147483647;
			files = (
				56A4A7471935476A000FEC5D /* photo1.png in Resources */,
				569A7238192B23E9002F0C3A /* IMG_0054.JPG in Resources */,
				56A194FC192CE71E0077F539 /* workExample.jpg in Resources */,
				56A19501192DC8170077F539 /* GTSettingsVC.xib in Resources */,
				569A723A192B36A0002F0C3A /* IMG_0081.JPG in Resources */,
				569A7205192AD9AB002F0C3A /* InfoPlist.strings in Resources */,
				56A4A74B1935476A000FEC5D /* photo5.png in Resources */,
				569A7232192B02E1002F0C3A /* GTImageView.xib in Resources */,
				56A19559192F20EA0077F539 /* GTViewController.xib in Resources */,
				569A720D192AD9AB002F0C3A /* Images.xcassets in Resources */,
				569A7234192B23C5002F0C3A /* IMG_0052.JPG in Resources */,
				56A4A74A1935476A000FEC5D /* photo4.png in Resources */,
				56A4A7491935476A000FEC5D /* photo3.png in Resources */,
				56A4A7481935476A000FEC5D /* photo2.png in Resources */,
			);
			runOnlyForDeploymentPostprocessing = 0;
		};
		569A7210192AD9AB002F0C3A /* Resources */ = {
			isa = PBXResourcesBuildPhase;
			buildActionMask = 2147483647;
			files = (
				569A721E192AD9AC002F0C3A /* InfoPlist.strings in Resources */,
			);
			runOnlyForDeploymentPostprocessing = 0;
		};
/* End PBXResourcesBuildPhase section */

/* Begin PBXSourcesBuildPhase section */
		569A71F3192AD9AB002F0C3A /* Sources */ = {
			isa = PBXSourcesBuildPhase;
			buildActionMask = 2147483647;
			files = (
				56A19500192DC8170077F539 /* GTSettingsVC.m in Sources */,
				569A7207192AD9AB002F0C3A /* main.m in Sources */,
				56A19553192F1EF30077F539 /* GTViewController.m in Sources */,
				569A7231192B02E1002F0C3A /* GTImageView.m in Sources */,
				569A720B192AD9AB002F0C3A /* GTAppDelegate.m in Sources */,
			);
			runOnlyForDeploymentPostprocessing = 0;
		};
		569A720E192AD9AB002F0C3A /* Sources */ = {
			isa = PBXSourcesBuildPhase;
			buildActionMask = 2147483647;
			files = (
				569A7220192AD9AC002F0C3A /* ScreenshowTests.m in Sources */,
			);
			runOnlyForDeploymentPostprocessing = 0;
		};
/* End PBXSourcesBuildPhase section */

/* Begin PBXTargetDependency section */
		569A7218192AD9AC002F0C3A /* PBXTargetDependency */ = {
			isa = PBXTargetDependency;
			target = 569A71F6192AD9AB002F0C3A /* Screenshow */;
			targetProxy = 569A7217192AD9AC002F0C3A /* PBXContainerItemProxy */;
		};
/* End PBXTargetDependency section */

/* Begin PBXVariantGroup section */
		569A7203192AD9AB002F0C3A /* InfoPlist.strings */ = {
			isa = PBXVariantGroup;
			children = (
				569A7204192AD9AB002F0C3A /* en */,
			);
			name = InfoPlist.strings;
			sourceTree = "<group>";
		};
		569A721C192AD9AC002F0C3A /* InfoPlist.strings */ = {
			isa = PBXVariantGroup;
			children = (
				569A721D192AD9AC002F0C3A /* en */,
			);
			name = InfoPlist.strings;
			sourceTree = "<group>";
		};
/* End PBXVariantGroup section */

/* Begin XCBuildConfiguration section */
		569A7221192AD9AC002F0C3A /* Debug */ = {
			isa = XCBuildConfiguration;
			buildSettings = {
				ALWAYS_SEARCH_USER_PATHS = NO;
				CLANG_CXX_LANGUAGE_STANDARD = "gnu++0x";
				CLANG_CXX_LIBRARY = "libc++";
				CLANG_ENABLE_MODULES = YES;
				CLANG_ENABLE_OBJC_ARC = YES;
				CLANG_WARN_BOOL_CONVERSION = YES;
				CLANG_WARN_CONSTANT_CONVERSION = YES;
				CLANG_WARN_DIRECT_OBJC_ISA_USAGE = YES_ERROR;
				CLANG_WARN_EMPTY_BODY = YES;
				CLANG_WARN_ENUM_CONVERSION = YES;
				CLANG_WARN_INT_CONVERSION = YES;
				CLANG_WARN_OBJC_ROOT_CLASS = YES_ERROR;
				CLANG_WARN__DUPLICATE_METHOD_MATCH = YES;
				"CODE_SIGN_IDENTITY[sdk=iphoneos*]" = "iPhone Developer";
				COPY_PHASE_STRIP = NO;
				GCC_C_LANGUAGE_STANDARD = gnu99;
				GCC_DYNAMIC_NO_PIC = NO;
				GCC_OPTIMIZATION_LEVEL = 0;
				GCC_PREPROCESSOR_DEFINITIONS = (
					"DEBUG=1",
					"$(inherited)",
				);
				GCC_SYMBOLS_PRIVATE_EXTERN = NO;
				GCC_WARN_64_TO_32_BIT_CONVERSION = YES;
				GCC_WARN_ABOUT_RETURN_TYPE = YES_ERROR;
				GCC_WARN_UNDECLARED_SELECTOR = YES;
				GCC_WARN_UNINITIALIZED_AUTOS = YES_AGGRESSIVE;
				GCC_WARN_UNUSED_FUNCTION = YES;
				GCC_WARN_UNUSED_VARIABLE = YES;
				IPHONEOS_DEPLOYMENT_TARGET = 7.1;
				ONLY_ACTIVE_ARCH = YES;
				SDKROOT = iphoneos;
			};
			name = Debug;
		};
		569A7222192AD9AC002F0C3A /* Release */ = {
			isa = XCBuildConfiguration;
			buildSettings = {
				ALWAYS_SEARCH_USER_PATHS = NO;
				CLANG_CXX_LANGUAGE_STANDARD = "gnu++0x";
				CLANG_CXX_LIBRARY = "libc++";
				CLANG_ENABLE_MODULES = YES;
				CLANG_ENABLE_OBJC_ARC = YES;
				CLANG_WARN_BOOL_CONVERSION = YES;
				CLANG_WARN_CONSTANT_CONVERSION = YES;
				CLANG_WARN_DIRECT_OBJC_ISA_USAGE = YES_ERROR;
				CLANG_WARN_EMPTY_BODY = YES;
				CLANG_WARN_ENUM_CONVERSION = YES;
				CLANG_WARN_INT_CONVERSION = YES;
				CLANG_WARN_OBJC_ROOT_CLASS = YES_ERROR;
				CLANG_WARN__DUPLICATE_METHOD_MATCH = YES;
				"CODE_SIGN_IDENTITY[sdk=iphoneos*]" = "iPhone Developer";
				COPY_PHASE_STRIP = YES;
				ENABLE_NS_ASSERTIONS = NO;
				GCC_C_LANGUAGE_STANDARD = gnu99;
				GCC_WARN_64_TO_32_BIT_CONVERSION = YES;
				GCC_WARN_ABOUT_RETURN_TYPE = YES_ERROR;
				GCC_WARN_UNDECLARED_SELECTOR = YES;
				GCC_WARN_UNINITIALIZED_AUTOS = YES_AGGRESSIVE;
				GCC_WARN_UNUSED_FUNCTION = YES;
				GCC_WARN_UNUSED_VARIABLE = YES;
				IPHONEOS_DEPLOYMENT_TARGET = 7.1;
				SDKROOT = iphoneos;
				VALIDATE_PRODUCT = YES;
			};
			name = Release;
		};
		569A7224192AD9AC002F0C3A /* Debug */ = {
			isa = XCBuildConfiguration;
			buildSettings = {
				ASSETCATALOG_COMPILER_APPICON_NAME = AppIcon;
				ASSETCATALOG_COMPILER_LAUNCHIMAGE_NAME = LaunchImage;
				GCC_PRECOMPILE_PREFIX_HEADER = YES;
				GCC_PREFIX_HEADER = "Screenshow/Screenshow-Prefix.pch";
				INFOPLIST_FILE = "Screenshow/Screenshow-Info.plist";
				PRODUCT_NAME = "$(TARGET_NAME)";
				WRAPPER_EXTENSION = app;
			};
			name = Debug;
		};
		569A7225192AD9AC002F0C3A /* Release */ = {
			isa = XCBuildConfiguration;
			buildSettings = {
				ASSETCATALOG_COMPILER_APPICON_NAME = AppIcon;
				ASSETCATALOG_COMPILER_LAUNCHIMAGE_NAME = LaunchImage;
				GCC_PRECOMPILE_PREFIX_HEADER = YES;
				GCC_PREFIX_HEADER = "Screenshow/Screenshow-Prefix.pch";
				INFOPLIST_FILE = "Screenshow/Screenshow-Info.plist";
				PRODUCT_NAME = "$(TARGET_NAME)";
				WRAPPER_EXTENSION = app;
			};
			name = Release;
		};
		569A7227192AD9AC002F0C3A /* Debug */ = {
			isa = XCBuildConfiguration;
			buildSettings = {
				BUNDLE_LOADER = "$(BUILT_PRODUCTS_DIR)/Screenshow.app/Screenshow";
				FRAMEWORK_SEARCH_PATHS = (
					"$(SDKROOT)/Developer/Library/Frameworks",
					"$(inherited)",
					"$(DEVELOPER_FRAMEWORKS_DIR)",
				);
				GCC_PRECOMPILE_PREFIX_HEADER = YES;
				GCC_PREFIX_HEADER = "Screenshow/Screenshow-Prefix.pch";
				GCC_PREPROCESSOR_DEFINITIONS = (
					"DEBUG=1",
					"$(inherited)",
				);
				INFOPLIST_FILE = "ScreenshowTests/ScreenshowTests-Info.plist";
				PRODUCT_NAME = "$(TARGET_NAME)";
				TEST_HOST = "$(BUNDLE_LOADER)";
				WRAPPER_EXTENSION = xctest;
			};
			name = Debug;
		};
		569A7228192AD9AC002F0C3A /* Release */ = {
			isa = XCBuildConfiguration;
			buildSettings = {
				BUNDLE_LOADER = "$(BUILT_PRODUCTS_DIR)/Screenshow.app/Screenshow";
				FRAMEWORK_SEARCH_PATHS = (
					"$(SDKROOT)/Developer/Library/Frameworks",
					"$(inherited)",
					"$(DEVELOPER_FRAMEWORKS_DIR)",
				);
				GCC_PRECOMPILE_PREFIX_HEADER = YES;
				GCC_PREFIX_HEADER = "Screenshow/Screenshow-Prefix.pch";
				INFOPLIST_FILE = "ScreenshowTests/ScreenshowTests-Info.plist";
				PRODUCT_NAME = "$(TARGET_NAME)";
				TEST_HOST = "$(BUNDLE_LOADER)";
				WRAPPER_EXTENSION = xctest;
			};
			name = Release;
		};
/* End XCBuildConfiguration section */

/* Begin XCConfigurationList section */
		569A71F2192AD9AB002F0C3A /* Build configuration list for PBXProject "Screenshow" */ = {
			isa = XCConfigurationList;
			buildConfigurations = (
				569A7221192AD9AC002F0C3A /* Debug */,
				569A7222192AD9AC002F0C3A /* Release */,
			);
			defaultConfigurationIsVisible = 0;
			defaultConfigurationName = Release;
		};
		569A7223192AD9AC002F0C3A /* Build configuration list for PBXNativeTarget "Screenshow" */ = {
			isa = XCConfigurationList;
			buildConfigurations = (
				569A7224192AD9AC002F0C3A /* Debug */,
				569A7225192AD9AC002F0C3A /* Release */,
			);
			defaultConfigurationIsVisible = 0;
			defaultConfigurationName = Release;
		};
		569A7226192AD9AC002F0C3A /* Build configuration list for PBXNativeTarget "ScreenshowTests" */ = {
			isa = XCConfigurationList;
			buildConfigurations = (
				569A7227192AD9AC002F0C3A /* Debug */,
				569A7228192AD9AC002F0C3A /* Release */,
			);
			defaultConfigurationIsVisible = 0;
			defaultConfigurationName = Release;
		};
/* End XCConfigurationList section */
	};
	rootObject = 569A71EF192AD9AB002F0C3A /* Project object */;
}
